
Microsoft Visual Studio Solution File, Format Version 12.00
# Visual Studio Version 16
VisualStudioVersion = 16.0.29806.167
MinimumVisualStudioVersion = 10.0.40219.1
Project("{9A19103F-16F7-4668-BE54-9A1E7A4F7556}") = "NIIAST", "NIIAST\NIIAST.csproj", "{B48E9709-1AC1-4A6A-8F6D-26F54BED7C3E}"
EndProject
Project("{9A19103F-16F7-4668-BE54-9A1E7A4F7556}") = "NIIASTModels", "NIIASTModels\NIIASTModels.csproj", "{75458101-87B0-476E-AA67-6472238ABBFB}"
EndProject
Project("{9A19103F-16F7-4668-BE54-9A1E7A4F7556}") = "NIIAST Services", "NIIAST Services\NIIAST Services.csproj", "{D82F50A2-5003-4739-AD23-6B95500C8A96}"
EndProject
Project("{FAE04EC0-301F-11D3-BF4B-00C04F79EFBC}") = "WebApplication1", "WebApplication1\WebApplication1.csproj", "{6A368E26-7D09-4858-A4CB-D36D2629A154}"
EndProject
Global
	GlobalSection(SolutionConfigurationPlatforms) = preSolution
		Debug|Any CPU = Debug|Any CPU
		Release|Any CPU = Release|Any CPU
	EndGlobalSection
	GlobalSection(ProjectConfigurationPlatforms) = postSolution
		{B48E9709-1AC1-4A6A-8F6D-26F54BED7C3E}.Debug|Any CPU.ActiveCfg = Debug|Any CPU
		{B48E9709-1AC1-4A6A-8F6D-26F54BED7C3E}.Debug|Any CPU.Build.0 = Debug|Any CPU
		{B48E9709-1AC1-4A6A-8F6D-26F54BED7C3E}.Release|Any CPU.ActiveCfg = Release|Any CPU
		{B48E9709-1AC1-4A6A-8F6D-26F54BED7C3E}.Release|Any CPU.Build.0 = Release|Any CPU
		{75458101-87B0-476E-AA67-6472238ABBFB}.Debug|Any CPU.ActiveCfg = Debug|Any CPU
		{75458101-87B0-476E-AA67-6472238ABBFB}.Debug|Any CPU.Build.0 = Debug|Any CPU
		{75458101-87B0-476E-AA67-6472238ABBFB}.Release|Any CPU.ActiveCfg = Release|Any CPU
		{75458101-87B0-476E-AA67-6472238ABBFB}.Release|Any CPU.Build.0 = Release|Any CPU
		{D82F50A2-5003-4739-AD23-6B95500C8A96}.Debug|Any CPU.ActiveCfg = Debug|Any CPU
		{D82F50A2-5003-4739-AD23-6B95500C8A96}.Debug|Any CPU.Build.0 = Debug|Any CPU
		{D82F50A2-5003-4739-AD23-6B95500C8A96}.Release|Any CPU.ActiveCfg = Release|Any CPU
		{D82F50A2-5003-4739-AD23-6B95500C8A96}.Release|Any CPU.Build.0 = Release|Any CPU
		{6A368E26-7D09-4858-A4CB-D36D2629A154}.Debug|Any CPU.ActiveCfg = Debug|Any CPU
		{6A368E26-7D09-4858-A4CB-D36D2629A154}.Debug|Any CPU.Build.0 = Debug|Any CPU
		{6A368E26-7D09-4858-A4CB-D36D2629A154}.Release|Any CPU.ActiveCfg = Release|Any CPU
		{6A368E26-7D09-4858-A4CB-D36D2629A154}.Release|Any CPU.Build.0 = Release|Any CPU
	EndGlobalSection
	GlobalSection(SolutionProperties) = preSolution
		HideSolutionNode = FALSE
	EndGlobalSection
	GlobalSection(ExtensibilityGlobals) = postSolution
		SolutionGuid = {9AF8C6E8-56A3-460E-AA9F-513CB89E7446}
	EndGlobalSection
EndGlobal
